// !$*UTF8*$!
{
	archiveVersion = 1;
	classes = {
	};
	objectVersion = 46;
	objects = {

/* Begin PBXBuildFile section */
		EE029E281C557F8C007F25AC /* AppDelegate.swift in Sources */ = {isa = PBXBuildFile; fileRef = EE029E271C557F8C007F25AC /* AppDelegate.swift */; };
		EE029E2F1C557F8C007F25AC /* Assets.xcassets in Resources */ = {isa = PBXBuildFile; fileRef = EE029E2E1C557F8C007F25AC /* Assets.xcassets */; };
		EE029E321C557F8C007F25AC /* LaunchScreen.storyboard in Resources */ = {isa = PBXBuildFile; fileRef = EE029E301C557F8C007F25AC /* LaunchScreen.storyboard */; };
		EE029E6E1C559E76007F25AC /* ViewController.swift in Sources */ = {isa = PBXBuildFile; fileRef = EE029E6D1C559E76007F25AC /* ViewController.swift */; };
		EE029E701C559FD8007F25AC /* Main.storyboard in Resources */ = {isa = PBXBuildFile; fileRef = EE029E6F1C559FD8007F25AC /* Main.storyboard */; };
		EEAD45621C5CF197007C80E7 /* XServ.framework in Frameworks */ = {isa = PBXBuildFile; fileRef = EEAD45611C5CF197007C80E7 /* XServ.framework */; };
		EEAD45631C5CF1B8007C80E7 /* XServ.framework in Embed Frameworks */ = {isa = PBXBuildFile; fileRef = EEAD45611C5CF197007C80E7 /* XServ.framework */; settings = {ATTRIBUTES = (CodeSignOnCopy, RemoveHeadersOnCopy, ); }; };
/* End PBXBuildFile section */

/* Begin PBXCopyFilesBuildPhase section */
		EEDD19C91C5990CE006F91AE /* Embed Frameworks */ = {
			isa = PBXCopyFilesBuildPhase;
			buildActionMask = 2147483647;
			dstPath = "";
			dstSubfolderSpec = 10;
			files = (
				EEAD45631C5CF1B8007C80E7 /* XServ.framework in Embed Frameworks */,
			);
			name = "Embed Frameworks";
			runOnlyForDeploymentPostprocessing = 0;
		};
/* End PBXCopyFilesBuildPhase section */

/* Begin PBXFileReference section */
		EE029E241C557F8C007F25AC /* ExampleSwift.app */ = {isa = PBXFileReference; explicitFileType = wrapper.application; includeInIndex = 0; path = ExampleSwift.app; sourceTree = BUILT_PRODUCTS_DIR; };
		EE029E271C557F8C007F25AC /* AppDelegate.swift */ = {isa = PBXFileReference; lastKnownFileType = sourcecode.swift; path = AppDelegate.swift; sourceTree = "<group>"; };
		EE029E2E1C557F8C007F25AC /* Assets.xcassets */ = {isa = PBXFileReference; lastKnownFileType = folder.assetcatalog; path = Assets.xcassets; sourceTree = "<group>"; };
		EE029E311C557F8C007F25AC /* Base */ = {isa = PBXFileReference; lastKnownFileType = file.storyboard; name = Base; path = Base.lproj/LaunchScreen.storyboard; sourceTree = "<group>"; };
		EE029E331C557F8C007F25AC /* Info.plist */ = {isa = PBXFileReference; lastKnownFileType = text.plist.xml; path = Info.plist; sourceTree = "<group>"; };
		EE029E6D1C559E76007F25AC /* ViewController.swift */ = {isa = PBXFileReference; fileEncoding = 4; lastKnownFileType = sourcecode.swift; path = ViewController.swift; sourceTree = "<group>"; };
		EE029E6F1C559FD8007F25AC /* Main.storyboard */ = {isa = PBXFileReference; fileEncoding = 4; lastKnownFileType = file.storyboard; path = Main.storyboard; sourceTree = "<group>"; };
		EEAD45611C5CF197007C80E7 /* XServ.framework */ = {isa = PBXFileReference; lastKnownFileType = wrapper.framework; name = XServ.framework; path = "../../../../../Library/Developer/Xcode/DerivedData/XServ-aecjfgiospsytvglufvcuzrqzugp/Build/Products/Debug-iphoneos/XServ.framework"; sourceTree = "<group>"; };
/* End PBXFileReference section */

/* Begin PBXFrameworksBuildPhase section */
		EE029E211C557F8C007F25AC /* Frameworks */ = {
			isa = PBXFrameworksBuildPhase;
			buildActionMask = 2147483647;
			files = (
				EEAD45621C5CF197007C80E7 /* XServ.framework in Frameworks */,
			);
			runOnlyForDeploymentPostprocessing = 0;
		};
/* End PBXFrameworksBuildPhase section */

/* Begin PBXGroup section */
		EE029E1B1C557F8C007F25AC = {
			isa = PBXGroup;
			children = (
				EEAD45611C5CF197007C80E7 /* XServ.framework */,
				EE029E261C557F8C007F25AC /* ExampleSwift */,
				EE029E251C557F8C007F25AC /* Products */,
			);
			sourceTree = "<group>";
		};
		EE029E251C557F8C007F25AC /* Products */ = {
			isa = PBXGroup;
			children = (
				EE029E241C557F8C007F25AC /* ExampleSwift.app */,
			);
			name = Products;
			sourceTree = "<group>";
		};
		EE029E261C557F8C007F25AC /* ExampleSwift */ = {
			isa = PBXGroup;
			children = (
				EE029E6F1C559FD8007F25AC /* Main.storyboard */,
				EE029E6D1C559E76007F25AC /* ViewController.swift */,
				EE029E271C557F8C007F25AC /* AppDelegate.swift */,
				EE029E2E1C557F8C007F25AC /* Assets.xcassets */,
				EE029E301C557F8C007F25AC /* LaunchScreen.storyboard */,
				EE029E331C557F8C007F25AC /* Info.plist */,
			);
			path = ExampleSwift;
			sourceTree = "<group>";
		};
/* End PBXGroup section */

/* Begin PBXNativeTarget section */
		EE029E231C557F8C007F25AC /* ExampleSwift */ = {
			isa = PBXNativeTarget;
			buildConfigurationList = EE029E361C557F8C007F25AC /* Build configuration list for PBXNativeTarget "ExampleSwift" */;
			buildPhases = (
				EE029E201C557F8C007F25AC /* Sources */,
				EE029E211C557F8C007F25AC /* Frameworks */,
				EE029E221C557F8C007F25AC /* Resources */,
				EEDD19C91C5990CE006F91AE /* Embed Frameworks */,
			);
			buildRules = (
			);
			dependencies = (
			);
			name = ExampleSwift;
			productName = ExampleSwift;
			productReference = EE029E241C557F8C007F25AC /* ExampleSwift.app */;
			productType = "com.apple.product-type.application";
		};
/* End PBXNativeTarget section */

/* Begin PBXProject section */
		EE029E1C1C557F8C007F25AC /* Project object */ = {
			isa = PBXProject;
			attributes = {
				LastSwiftUpdateCheck = 0720;
				LastUpgradeCheck = 0720;
				ORGANIZATIONNAME = Xserv;
				TargetAttributes = {
					EE029E231C557F8C007F25AC = {
						CreatedOnToolsVersion = 7.2;
					};
				};
			};
			buildConfigurationList = EE029E1F1C557F8C007F25AC /* Build configuration list for PBXProject "ExampleSwift" */;
			compatibilityVersion = "Xcode 3.2";
			developmentRegion = English;
			hasScannedForEncodings = 0;
			knownRegions = (
				en,
				Base,
			);
			mainGroup = EE029E1B1C557F8C007F25AC;
			productRefGroup = EE029E251C557F8C007F25AC /* Products */;
			projectDirPath = "";
			projectRoot = "";
			targets = (
				EE029E231C557F8C007F25AC /* ExampleSwift */,
			);
		};
/* End PBXProject section */

/* Begin PBXResourcesBuildPhase section */
		EE029E221C557F8C007F25AC /* Resources */ = {
			isa = PBXResourcesBuildPhase;
			buildActionMask = 2147483647;
			files = (
				EE029E701C559FD8007F25AC /* Main.storyboard in Resources */,
				EE029E321C557F8C007F25AC /* LaunchScreen.storyboard in Resources */,
				EE029E2F1C557F8C007F25AC /* Assets.xcassets in Resources */,
			);
			runOnlyForDeploymentPostprocessing = 0;
		};
/* End PBXResourcesBuildPhase section */

/* Begin PBXSourcesBuildPhase section */
		EE029E201C557F8C007F25AC /* Sources */ = {
			isa = PBXSourcesBuildPhase;
			buildActionMask = 2147483647;
			files = (
				EE029E6E1C559E76007F25AC /* ViewController.swift in Sources */,
				EE029E281C557F8C007F25AC /* AppDelegate.swift in Sources */,
			);
			runOnlyForDeploymentPostprocessing = 0;
		};
/* End PBXSourcesBuildPhase section */

/* Begin PBXVariantGroup section */
		EE029E301C557F8C007F25AC /* LaunchScreen.storyboard */ = {
			isa = PBXVariantGroup;
			children = (
				EE029E311C557F8C007F25AC /* Base */,
			);
			name = LaunchScreen.storyboard;
			sourceTree = "<group>";
		};
/* End PBXVariantGroup section */

/* Begin XCBuildConfiguration section */
		EE029E341C557F8C007F25AC /* Debug */ = {
			isa = XCBuildConfiguration;
			buildSettings = {
				ALWAYS_SEARCH_USER_PATHS = NO;
				CLANG_CXX_LANGUAGE_STANDARD = "gnu++0x";
				CLANG_CXX_LIBRARY = "libc++";
				CLANG_ENABLE_MODULES = YES;
				CLANG_ENABLE_OBJC_ARC = YES;
				CLANG_WARN_BOOL_CONVERSION = YES;
				CLANG_WARN_CONSTANT_CONVERSION = YES;
				CLANG_WARN_DIRECT_OBJC_ISA_USAGE = YES_ERROR;
				CLANG_WARN_EMPTY_BODY = YES;
				CLANG_WARN_ENUM_CONVERSION = YES;
				CLANG_WARN_INT_CONVERSION = YES;
				CLANG_WARN_OBJC_ROOT_CLASS = YES_ERROR;
				CLANG_WARN_UNREACHABLE_CODE = YES;
				CLANG_WARN__DUPLICATE_METHOD_MATCH = YES;
				"CODE_SIGN_IDENTITY[sdk=iphoneos*]" = "iPhone Developer";
				COPY_PHASE_STRIP = NO;
				DEBUG_INFORMATION_FORMAT = dwarf;
				ENABLE_STRICT_OBJC_MSGSEND = YES;
				ENABLE_TESTABILITY = YES;
				GCC_C_LANGUAGE_STANDARD = gnu99;
				GCC_DYNAMIC_NO_PIC = NO;
				GCC_NO_COMMON_BLOCKS = YES;
				GCC_OPTIMIZATION_LEVEL = 0;
				GCC_PREPROCESSOR_DEFINITIONS = (
					"DEBUG=1",
					"$(inherited)",
				);
				GCC_WARN_64_TO_32_BIT_CONVERSION = YES;
				GCC_WARN_ABOUT_RETURN_TYPE = YES_ERROR;
				GCC_WARN_UNDECLARED_SELECTOR = YES;
				GCC_WARN_UNINITIALIZED_AUTOS = YES_AGGRESSIVE;
				GCC_WARN_UNUSED_FUNCTION = YES;
				GCC_WARN_UNUSED_VARIABLE = YES;
				IPHONEOS_DEPLOYMENT_TARGET = 9.2;
				MTL_ENABLE_DEBUG_INFO = YES;
				ONLY_ACTIVE_ARCH = YES;
				SDKROOT = iphoneos;
				SWIFT_OPTIMIZATION_LEVEL = "-Onone";
				TARGETED_DEVICE_FAMILY = "1,2";
			};
			name = Debug;
		};
		EE029E351C557F8C007F25AC /* Release */ = {
			isa = XCBuildConfiguration;
			buildSettings = {
				ALWAYS_SEARCH_USER_PATHS = NO;
				CLANG_CXX_LANGUAGE_STANDARD = "gnu++0x";
				CLANG_CXX_LIBRARY = "libc++";
				CLANG_ENABLE_MODULES = YES;
				CLANG_ENABLE_OBJC_ARC = YES;
				CLANG_WARN_BOOL_CONVERSION = YES;
				CLANG_WARN_CONSTANT_CONVERSION = YES;
				CLANG_WARN_DIRECT_OBJC_ISA_USAGE = YES_ERROR;
				CLANG_WARN_EMPTY_BODY = YES;
				CLANG_WARN_ENUM_CONVERSION = YES;
				CLANG_WARN_INT_CONVERSION = YES;
				CLANG_WARN_OBJC_ROOT_CLASS = YES_ERROR;
				CLANG_WARN_UNREACHABLE_CODE = YES;
				CLANG_WARN__DUPLICATE_METHOD_MATCH = YES;
				"CODE_SIGN_IDENTITY[sdk=iphoneos*]" = "iPhone Developer";
				COPY_PHASE_STRIP = NO;
				DEBUG_INFORMATION_FORMAT = "dwarf-with-dsym";
				ENABLE_NS_ASSERTIONS = NO;
				ENABLE_STRICT_OBJC_MSGSEND = YES;
				GCC_C_LANGUAGE_STANDARD = gnu99;
				GCC_NO_COMMON_BLOCKS = YES;
				GCC_WARN_64_TO_32_BIT_CONVERSION = YES;
				GCC_WARN_ABOUT_RETURN_TYPE = YES_ERROR;
				GCC_WARN_UNDECLARED_SELECTOR = YES;
				GCC_WARN_UNINITIALIZED_AUTOS = YES_AGGRESSIVE;
				GCC_WARN_UNUSED_FUNCTION = YES;
				GCC_WARN_UNUSED_VARIABLE = YES;
				IPHONEOS_DEPLOYMENT_TARGET = 9.2;
				MTL_ENABLE_DEBUG_INFO = NO;
				SDKROOT = iphoneos;
				TARGETED_DEVICE_FAMILY = "1,2";
				VALIDATE_PRODUCT = YES;
			};
			name = Release;
		};
		EE029E371C557F8C007F25AC /* Debug */ = {
			isa = XCBuildConfiguration;
			buildSettings = {
				ASSETCATALOG_COMPILER_APPICON_NAME = AppIcon;
				ENABLE_BITCODE = NO;
				INFOPLIST_FILE = ExampleSwift/Info.plist;
				IPHONEOS_DEPLOYMENT_TARGET = 8.0;
				LD_RUNPATH_SEARCH_PATHS = "$(inherited) @executable_path/Frameworks";
				OTHER_LDFLAGS = (
					"-framework",
					"\"XServ\"",
				);
				PRODUCT_BUNDLE_IDENTIFIER = it.nugara.ExampleSwift;
				PRODUCT_NAME = "$(TARGET_NAME)";
				SWIFT_OBJC_BRIDGING_HEADER = "/Users/giuseppen/Documents/working/test/Xserv/Unique/ExampleSwift/ExampleSwift/ExampleSwift-Swift.h";
			};
			name = Debug;
		};
		EE029E381C557F8C007F25AC /* Release */ = {
			isa = XCBuildConfiguration;
			buildSettings = {
				ASSETCATALOG_COMPILER_APPICON_NAME = AppIcon;
				ENABLE_BITCODE = NO;
				INFOPLIST_FILE = ExampleSwift/Info.plist;
				IPHONEOS_DEPLOYMENT_TARGET = 8.0;
				LD_RUNPATH_SEARCH_PATHS = "$(inherited) @executable_path/Frameworks";
				OTHER_LDFLAGS = (
					"-framework",
					"\"XServ\"",
				);
				PRODUCT_BUNDLE_IDENTIFIER = it.nugara.ExampleSwift;
				PRODUCT_NAME = "$(TARGET_NAME)";
				SWIFT_OBJC_BRIDGING_HEADER = "/Users/giuseppen/Documents/working/test/Xserv/Unique/ExampleSwift/ExampleSwift/ExampleSwift-Swift.h";
			};
			name = Release;
		};
/* End XCBuildConfiguration section */

/* Begin XCConfigurationList section */
		EE029E1F1C557F8C007F25AC /* Build configuration list for PBXProject "ExampleSwift" */ = {
			isa = XCConfigurationList;
			buildConfigurations = (
				EE029E341C557F8C007F25AC /* Debug */,
				EE029E351C557F8C007F25AC /* Release */,
			);
			defaultConfigurationIsVisible = 0;
			defaultConfigurationName = Release;
		};
		EE029E361C557F8C007F25AC /* Build configuration list for PBXNativeTarget "ExampleSwift" */ = {
			isa = XCConfigurationList;
			buildConfigurations = (
				EE029E371C557F8C007F25AC /* Debug */,
				EE029E381C557F8C007F25AC /* Release */,
			);
			defaultConfigurationIsVisible = 0;
			defaultConfigurationName = Release;
		};
/* End XCConfigurationList section */
	};
	rootObject = EE029E1C1C557F8C007F25AC /* Project object */;
}
